
Microsoft Visual Studio Solution File, Format Version 12.00
# Visual Studio Version 17
VisualStudioVersion = 17.13.35818.85 d17.13
MinimumVisualStudioVersion = 10.0.40219.1
Project("{FAE04EC0-301F-11D3-BF4B-00C04F79EFBC}") = "study36", "study36\study36.csproj", "{6EB54F7C-9C29-4EA7-885C-F6C7F3D6225D}"
EndProject
Global
	GlobalSection(SolutionConfigurationPlatforms) = preSolution
		Debug|Any CPU = Debug|Any CPU
		Release|Any CPU = Release|Any CPU
	EndGlobalSection
	GlobalSection(ProjectConfigurationPlatforms) = postSolution
		{6EB54F7C-9C29-4EA7-885C-F6C7F3D6225D}.Debug|Any CPU.ActiveCfg = Debug|Any CPU
		{6EB54F7C-9C29-4EA7-885C-F6C7F3D6225D}.Debug|Any CPU.Build.0 = Debug|Any CPU
		{6EB54F7C-9C29-4EA7-885C-F6C7F3D6225D}.Release|Any CPU.ActiveCfg = Release|Any CPU
		{6EB54F7C-9C29-4EA7-885C-F6C7F3D6225D}.Release|Any CPU.Build.0 = Release|Any CPU
	EndGlobalSection
	GlobalSection(SolutionProperties) = preSolution
		HideSolutionNode = FALSE
	EndGlobalSection
	GlobalSection(ExtensibilityGlobals) = postSolution
		SolutionGuid = {6A543C27-8B7E-4191-B2F1-F9BEE7AE4A56}
	EndGlobalSection
EndGlobal
