
Microsoft Visual Studio Solution File, Format Version 12.00
# Visual Studio Version 17
VisualStudioVersion = 17.13.35818.85 d17.13
MinimumVisualStudioVersion = 10.0.40219.1
Project("{FAE04EC0-301F-11D3-BF4B-00C04F79EFBC}") = "study21", "study21\study21.csproj", "{9A5FFC19-A525-48F9-BFA9-6117625DE3E8}"
EndProject
Global
	GlobalSection(SolutionConfigurationPlatforms) = preSolution
		Debug|Any CPU = Debug|Any CPU
		Release|Any CPU = Release|Any CPU
	EndGlobalSection
	GlobalSection(ProjectConfigurationPlatforms) = postSolution
		{9A5FFC19-A525-48F9-BFA9-6117625DE3E8}.Debug|Any CPU.ActiveCfg = Debug|Any CPU
		{9A5FFC19-A525-48F9-BFA9-6117625DE3E8}.Debug|Any CPU.Build.0 = Debug|Any CPU
		{9A5FFC19-A525-48F9-BFA9-6117625DE3E8}.Release|Any CPU.ActiveCfg = Release|Any CPU
		{9A5FFC19-A525-48F9-BFA9-6117625DE3E8}.Release|Any CPU.Build.0 = Release|Any CPU
	EndGlobalSection
	GlobalSection(SolutionProperties) = preSolution
		HideSolutionNode = FALSE
	EndGlobalSection
	GlobalSection(ExtensibilityGlobals) = postSolution
		SolutionGuid = {355DC8D9-B1CB-4E9B-A642-4BF0AE6EC5CC}
	EndGlobalSection
EndGlobal
