
Microsoft Visual Studio Solution File, Format Version 12.00
# Visual Studio Version 17
VisualStudioVersion = 17.13.35818.85 d17.13
MinimumVisualStudioVersion = 10.0.40219.1
Project("{FAE04EC0-301F-11D3-BF4B-00C04F79EFBC}") = "모험가 키우기", "모험가 키우기\모험가 키우기.csproj", "{F21C5C17-F9C8-4C9D-9322-29EA05A3463F}"
EndProject
Global
	GlobalSection(SolutionConfigurationPlatforms) = preSolution
		Debug|Any CPU = Debug|Any CPU
		Release|Any CPU = Release|Any CPU
	EndGlobalSection
	GlobalSection(ProjectConfigurationPlatforms) = postSolution
		{F21C5C17-F9C8-4C9D-9322-29EA05A3463F}.Debug|Any CPU.ActiveCfg = Debug|Any CPU
		{F21C5C17-F9C8-4C9D-9322-29EA05A3463F}.Debug|Any CPU.Build.0 = Debug|Any CPU
		{F21C5C17-F9C8-4C9D-9322-29EA05A3463F}.Release|Any CPU.ActiveCfg = Release|Any CPU
		{F21C5C17-F9C8-4C9D-9322-29EA05A3463F}.Release|Any CPU.Build.0 = Release|Any CPU
	EndGlobalSection
	GlobalSection(SolutionProperties) = preSolution
		HideSolutionNode = FALSE
	EndGlobalSection
	GlobalSection(ExtensibilityGlobals) = postSolution
		SolutionGuid = {218B17BB-07FF-474B-97FA-DAE3596C6572}
	EndGlobalSection
EndGlobal
