
Microsoft Visual Studio Solution File, Format Version 12.00
# Visual Studio Version 17
VisualStudioVersion = 17.13.35818.85 d17.13
MinimumVisualStudioVersion = 10.0.40219.1
Project("{FAE04EC0-301F-11D3-BF4B-00C04F79EFBC}") = "study32", "study32\study32.csproj", "{B26BBCA2-19B5-45C3-8488-62D5FD7ABA4B}"
EndProject
Global
	GlobalSection(SolutionConfigurationPlatforms) = preSolution
		Debug|Any CPU = Debug|Any CPU
		Release|Any CPU = Release|Any CPU
	EndGlobalSection
	GlobalSection(ProjectConfigurationPlatforms) = postSolution
		{B26BBCA2-19B5-45C3-8488-62D5FD7ABA4B}.Debug|Any CPU.ActiveCfg = Debug|Any CPU
		{B26BBCA2-19B5-45C3-8488-62D5FD7ABA4B}.Debug|Any CPU.Build.0 = Debug|Any CPU
		{B26BBCA2-19B5-45C3-8488-62D5FD7ABA4B}.Release|Any CPU.ActiveCfg = Release|Any CPU
		{B26BBCA2-19B5-45C3-8488-62D5FD7ABA4B}.Release|Any CPU.Build.0 = Release|Any CPU
	EndGlobalSection
	GlobalSection(SolutionProperties) = preSolution
		HideSolutionNode = FALSE
	EndGlobalSection
	GlobalSection(ExtensibilityGlobals) = postSolution
		SolutionGuid = {618E1F0E-184A-4CD7-B1FC-0A38E25EE4B4}
	EndGlobalSection
EndGlobal
