
Microsoft Visual Studio Solution File, Format Version 12.00
# Visual Studio Version 17
VisualStudioVersion = 17.13.35825.156 d17.13
MinimumVisualStudioVersion = 10.0.40219.1
Project("{FAE04EC0-301F-11D3-BF4B-00C04F79EFBC}") = "study43", "study43\study43.csproj", "{BCA1DAED-51FD-4550-8E49-7BA99180AB51}"
EndProject
Global
	GlobalSection(SolutionConfigurationPlatforms) = preSolution
		Debug|Any CPU = Debug|Any CPU
		Release|Any CPU = Release|Any CPU
	EndGlobalSection
	GlobalSection(ProjectConfigurationPlatforms) = postSolution
		{BCA1DAED-51FD-4550-8E49-7BA99180AB51}.Debug|Any CPU.ActiveCfg = Debug|Any CPU
		{BCA1DAED-51FD-4550-8E49-7BA99180AB51}.Debug|Any CPU.Build.0 = Debug|Any CPU
		{BCA1DAED-51FD-4550-8E49-7BA99180AB51}.Release|Any CPU.ActiveCfg = Release|Any CPU
		{BCA1DAED-51FD-4550-8E49-7BA99180AB51}.Release|Any CPU.Build.0 = Release|Any CPU
	EndGlobalSection
	GlobalSection(SolutionProperties) = preSolution
		HideSolutionNode = FALSE
	EndGlobalSection
	GlobalSection(ExtensibilityGlobals) = postSolution
		SolutionGuid = {107EDACD-68CD-4699-B057-8694EE4AF895}
	EndGlobalSection
EndGlobal
