
Microsoft Visual Studio Solution File, Format Version 12.00
# Visual Studio Version 17
VisualStudioVersion = 17.13.35818.85 d17.13
MinimumVisualStudioVersion = 10.0.40219.1
Project("{FAE04EC0-301F-11D3-BF4B-00C04F79EFBC}") = "2월26일 문제", "2월26일 문제\2월26일 문제.csproj", "{E268759D-BAB7-4AB6-BA52-52BB99823620}"
EndProject
Global
	GlobalSection(SolutionConfigurationPlatforms) = preSolution
		Debug|Any CPU = Debug|Any CPU
		Release|Any CPU = Release|Any CPU
	EndGlobalSection
	GlobalSection(ProjectConfigurationPlatforms) = postSolution
		{E268759D-BAB7-4AB6-BA52-52BB99823620}.Debug|Any CPU.ActiveCfg = Debug|Any CPU
		{E268759D-BAB7-4AB6-BA52-52BB99823620}.Debug|Any CPU.Build.0 = Debug|Any CPU
		{E268759D-BAB7-4AB6-BA52-52BB99823620}.Release|Any CPU.ActiveCfg = Release|Any CPU
		{E268759D-BAB7-4AB6-BA52-52BB99823620}.Release|Any CPU.Build.0 = Release|Any CPU
	EndGlobalSection
	GlobalSection(SolutionProperties) = preSolution
		HideSolutionNode = FALSE
	EndGlobalSection
	GlobalSection(ExtensibilityGlobals) = postSolution
		SolutionGuid = {2C03AAD1-A461-4166-BC9B-3FC92B74364A}
	EndGlobalSection
EndGlobal
