
Microsoft Visual Studio Solution File, Format Version 12.00
# Visual Studio Version 17
VisualStudioVersion = 17.13.35818.85 d17.13
MinimumVisualStudioVersion = 10.0.40219.1
Project("{FAE04EC0-301F-11D3-BF4B-00C04F79EFBC}") = "study8", "study8\study8.csproj", "{1D9F0906-253B-4318-9774-DE812CCE1A9B}"
EndProject
Global
	GlobalSection(SolutionConfigurationPlatforms) = preSolution
		Debug|Any CPU = Debug|Any CPU
		Release|Any CPU = Release|Any CPU
	EndGlobalSection
	GlobalSection(ProjectConfigurationPlatforms) = postSolution
		{1D9F0906-253B-4318-9774-DE812CCE1A9B}.Debug|Any CPU.ActiveCfg = Debug|Any CPU
		{1D9F0906-253B-4318-9774-DE812CCE1A9B}.Debug|Any CPU.Build.0 = Debug|Any CPU
		{1D9F0906-253B-4318-9774-DE812CCE1A9B}.Release|Any CPU.ActiveCfg = Release|Any CPU
		{1D9F0906-253B-4318-9774-DE812CCE1A9B}.Release|Any CPU.Build.0 = Release|Any CPU
	EndGlobalSection
	GlobalSection(SolutionProperties) = preSolution
		HideSolutionNode = FALSE
	EndGlobalSection
	GlobalSection(ExtensibilityGlobals) = postSolution
		SolutionGuid = {4D7745C8-D779-441F-A943-D2B852B694A9}
	EndGlobalSection
EndGlobal
