
Microsoft Visual Studio Solution File, Format Version 12.00
# Visual Studio Version 17
VisualStudioVersion = 17.13.35818.85 d17.13
MinimumVisualStudioVersion = 10.0.40219.1
Project("{FAE04EC0-301F-11D3-BF4B-00C04F79EFBC}") = "study38", "study38\study38.csproj", "{0EFE970E-C452-4D8A-9FE5-23092957B35F}"
EndProject
Global
	GlobalSection(SolutionConfigurationPlatforms) = preSolution
		Debug|Any CPU = Debug|Any CPU
		Release|Any CPU = Release|Any CPU
	EndGlobalSection
	GlobalSection(ProjectConfigurationPlatforms) = postSolution
		{0EFE970E-C452-4D8A-9FE5-23092957B35F}.Debug|Any CPU.ActiveCfg = Debug|Any CPU
		{0EFE970E-C452-4D8A-9FE5-23092957B35F}.Debug|Any CPU.Build.0 = Debug|Any CPU
		{0EFE970E-C452-4D8A-9FE5-23092957B35F}.Release|Any CPU.ActiveCfg = Release|Any CPU
		{0EFE970E-C452-4D8A-9FE5-23092957B35F}.Release|Any CPU.Build.0 = Release|Any CPU
	EndGlobalSection
	GlobalSection(SolutionProperties) = preSolution
		HideSolutionNode = FALSE
	EndGlobalSection
	GlobalSection(ExtensibilityGlobals) = postSolution
		SolutionGuid = {0DC1CB73-0806-4248-80C6-AF971BA325B0}
	EndGlobalSection
EndGlobal
