
Microsoft Visual Studio Solution File, Format Version 12.00
# Visual Studio Version 17
VisualStudioVersion = 17.13.35818.85 d17.13
MinimumVisualStudioVersion = 10.0.40219.1
Project("{FAE04EC0-301F-11D3-BF4B-00C04F79EFBC}") = "나만의 게임", "나만의 게임\나만의 게임.csproj", "{F02A072F-75A9-485B-8914-8B78D968385E}"
EndProject
Global
	GlobalSection(SolutionConfigurationPlatforms) = preSolution
		Debug|Any CPU = Debug|Any CPU
		Release|Any CPU = Release|Any CPU
	EndGlobalSection
	GlobalSection(ProjectConfigurationPlatforms) = postSolution
		{F02A072F-75A9-485B-8914-8B78D968385E}.Debug|Any CPU.ActiveCfg = Debug|Any CPU
		{F02A072F-75A9-485B-8914-8B78D968385E}.Debug|Any CPU.Build.0 = Debug|Any CPU
		{F02A072F-75A9-485B-8914-8B78D968385E}.Release|Any CPU.ActiveCfg = Release|Any CPU
		{F02A072F-75A9-485B-8914-8B78D968385E}.Release|Any CPU.Build.0 = Release|Any CPU
	EndGlobalSection
	GlobalSection(SolutionProperties) = preSolution
		HideSolutionNode = FALSE
	EndGlobalSection
	GlobalSection(ExtensibilityGlobals) = postSolution
		SolutionGuid = {66DADAB5-2F51-471A-9D02-8156BA3CD072}
	EndGlobalSection
EndGlobal
