
Microsoft Visual Studio Solution File, Format Version 12.00
# Visual Studio Version 17
VisualStudioVersion = 17.13.35825.156 d17.13
MinimumVisualStudioVersion = 10.0.40219.1
Project("{FAE04EC0-301F-11D3-BF4B-00C04F79EFBC}") = "TEXTRPG", "TEXTRPG\TEXTRPG.csproj", "{0B491025-D255-4E22-A352-2DA5970154E8}"
EndProject
Global
	GlobalSection(SolutionConfigurationPlatforms) = preSolution
		Debug|Any CPU = Debug|Any CPU
		Release|Any CPU = Release|Any CPU
	EndGlobalSection
	GlobalSection(ProjectConfigurationPlatforms) = postSolution
		{0B491025-D255-4E22-A352-2DA5970154E8}.Debug|Any CPU.ActiveCfg = Debug|Any CPU
		{0B491025-D255-4E22-A352-2DA5970154E8}.Debug|Any CPU.Build.0 = Debug|Any CPU
		{0B491025-D255-4E22-A352-2DA5970154E8}.Release|Any CPU.ActiveCfg = Release|Any CPU
		{0B491025-D255-4E22-A352-2DA5970154E8}.Release|Any CPU.Build.0 = Release|Any CPU
	EndGlobalSection
	GlobalSection(SolutionProperties) = preSolution
		HideSolutionNode = FALSE
	EndGlobalSection
	GlobalSection(ExtensibilityGlobals) = postSolution
		SolutionGuid = {45B6AE81-E028-4828-A40A-4045CA1E57A9}
	EndGlobalSection
EndGlobal
