
Microsoft Visual Studio Solution File, Format Version 12.00
# Visual Studio Version 17
VisualStudioVersion = 17.13.35825.156 d17.13
MinimumVisualStudioVersion = 10.0.40219.1
Project("{FAE04EC0-301F-11D3-BF4B-00C04F79EFBC}") = "텍스트알피지시험", "텍스트알피지시험\텍스트알피지시험.csproj", "{E9067191-4D1F-481F-AD4E-D8BFEE41DFC5}"
EndProject
Global
	GlobalSection(SolutionConfigurationPlatforms) = preSolution
		Debug|Any CPU = Debug|Any CPU
		Release|Any CPU = Release|Any CPU
	EndGlobalSection
	GlobalSection(ProjectConfigurationPlatforms) = postSolution
		{E9067191-4D1F-481F-AD4E-D8BFEE41DFC5}.Debug|Any CPU.ActiveCfg = Debug|Any CPU
		{E9067191-4D1F-481F-AD4E-D8BFEE41DFC5}.Debug|Any CPU.Build.0 = Debug|Any CPU
		{E9067191-4D1F-481F-AD4E-D8BFEE41DFC5}.Release|Any CPU.ActiveCfg = Release|Any CPU
		{E9067191-4D1F-481F-AD4E-D8BFEE41DFC5}.Release|Any CPU.Build.0 = Release|Any CPU
	EndGlobalSection
	GlobalSection(SolutionProperties) = preSolution
		HideSolutionNode = FALSE
	EndGlobalSection
	GlobalSection(ExtensibilityGlobals) = postSolution
		SolutionGuid = {EE9CCC59-43A1-4232-A290-07C4ACCCF2D9}
	EndGlobalSection
EndGlobal
