
Microsoft Visual Studio Solution File, Format Version 12.00
# Visual Studio Version 17
VisualStudioVersion = 17.13.35825.156 d17.13
MinimumVisualStudioVersion = 10.0.40219.1
Project("{FAE04EC0-301F-11D3-BF4B-00C04F79EFBC}") = "InterfaceExam", "InterfaceExam\InterfaceExam.csproj", "{AA07D580-5A1B-4493-904F-1B6309B442B6}"
EndProject
Global
	GlobalSection(SolutionConfigurationPlatforms) = preSolution
		Debug|Any CPU = Debug|Any CPU
		Release|Any CPU = Release|Any CPU
	EndGlobalSection
	GlobalSection(ProjectConfigurationPlatforms) = postSolution
		{AA07D580-5A1B-4493-904F-1B6309B442B6}.Debug|Any CPU.ActiveCfg = Debug|Any CPU
		{AA07D580-5A1B-4493-904F-1B6309B442B6}.Debug|Any CPU.Build.0 = Debug|Any CPU
		{AA07D580-5A1B-4493-904F-1B6309B442B6}.Release|Any CPU.ActiveCfg = Release|Any CPU
		{AA07D580-5A1B-4493-904F-1B6309B442B6}.Release|Any CPU.Build.0 = Release|Any CPU
	EndGlobalSection
	GlobalSection(SolutionProperties) = preSolution
		HideSolutionNode = FALSE
	EndGlobalSection
	GlobalSection(ExtensibilityGlobals) = postSolution
		SolutionGuid = {D152519D-2FCD-4EEE-9612-EC1895698801}
	EndGlobalSection
EndGlobal
