
Microsoft Visual Studio Solution File, Format Version 12.00
# Visual Studio Version 17
VisualStudioVersion = 17.13.35818.85 d17.13
MinimumVisualStudioVersion = 10.0.40219.1
Project("{FAE04EC0-301F-11D3-BF4B-00C04F79EFBC}") = "study34", "study34\study34.csproj", "{474BAF5A-4303-4D8D-8E1A-554FA928E909}"
EndProject
Global
	GlobalSection(SolutionConfigurationPlatforms) = preSolution
		Debug|Any CPU = Debug|Any CPU
		Release|Any CPU = Release|Any CPU
	EndGlobalSection
	GlobalSection(ProjectConfigurationPlatforms) = postSolution
		{474BAF5A-4303-4D8D-8E1A-554FA928E909}.Debug|Any CPU.ActiveCfg = Debug|Any CPU
		{474BAF5A-4303-4D8D-8E1A-554FA928E909}.Debug|Any CPU.Build.0 = Debug|Any CPU
		{474BAF5A-4303-4D8D-8E1A-554FA928E909}.Release|Any CPU.ActiveCfg = Release|Any CPU
		{474BAF5A-4303-4D8D-8E1A-554FA928E909}.Release|Any CPU.Build.0 = Release|Any CPU
	EndGlobalSection
	GlobalSection(SolutionProperties) = preSolution
		HideSolutionNode = FALSE
	EndGlobalSection
	GlobalSection(ExtensibilityGlobals) = postSolution
		SolutionGuid = {E75CC371-FE02-420A-9547-460CFCD5060B}
	EndGlobalSection
EndGlobal
