
Microsoft Visual Studio Solution File, Format Version 12.00
# Visual Studio Version 17
VisualStudioVersion = 17.13.35825.156 d17.13
MinimumVisualStudioVersion = 10.0.40219.1
Project("{FAE04EC0-301F-11D3-BF4B-00C04F79EFBC}") = "델리게이트이벤트", "델리게이트이벤트\델리게이트이벤트.csproj", "{92A1635A-C247-4160-AFA8-EF801E1192EE}"
EndProject
Global
	GlobalSection(SolutionConfigurationPlatforms) = preSolution
		Debug|Any CPU = Debug|Any CPU
		Release|Any CPU = Release|Any CPU
	EndGlobalSection
	GlobalSection(ProjectConfigurationPlatforms) = postSolution
		{92A1635A-C247-4160-AFA8-EF801E1192EE}.Debug|Any CPU.ActiveCfg = Debug|Any CPU
		{92A1635A-C247-4160-AFA8-EF801E1192EE}.Debug|Any CPU.Build.0 = Debug|Any CPU
		{92A1635A-C247-4160-AFA8-EF801E1192EE}.Release|Any CPU.ActiveCfg = Release|Any CPU
		{92A1635A-C247-4160-AFA8-EF801E1192EE}.Release|Any CPU.Build.0 = Release|Any CPU
	EndGlobalSection
	GlobalSection(SolutionProperties) = preSolution
		HideSolutionNode = FALSE
	EndGlobalSection
	GlobalSection(ExtensibilityGlobals) = postSolution
		SolutionGuid = {0AA397C0-0618-451C-818C-3DA3125D77C8}
	EndGlobalSection
EndGlobal
