
Microsoft Visual Studio Solution File, Format Version 12.00
# Visual Studio Version 17
VisualStudioVersion = 17.13.35818.85 d17.13
MinimumVisualStudioVersion = 10.0.40219.1
Project("{FAE04EC0-301F-11D3-BF4B-00C04F79EFBC}") = "study39", "study39\study39.csproj", "{FE4B659B-162E-48ED-9BC7-D59F9CEFF250}"
EndProject
Global
	GlobalSection(SolutionConfigurationPlatforms) = preSolution
		Debug|Any CPU = Debug|Any CPU
		Release|Any CPU = Release|Any CPU
	EndGlobalSection
	GlobalSection(ProjectConfigurationPlatforms) = postSolution
		{FE4B659B-162E-48ED-9BC7-D59F9CEFF250}.Debug|Any CPU.ActiveCfg = Debug|Any CPU
		{FE4B659B-162E-48ED-9BC7-D59F9CEFF250}.Debug|Any CPU.Build.0 = Debug|Any CPU
		{FE4B659B-162E-48ED-9BC7-D59F9CEFF250}.Release|Any CPU.ActiveCfg = Release|Any CPU
		{FE4B659B-162E-48ED-9BC7-D59F9CEFF250}.Release|Any CPU.Build.0 = Release|Any CPU
	EndGlobalSection
	GlobalSection(SolutionProperties) = preSolution
		HideSolutionNode = FALSE
	EndGlobalSection
	GlobalSection(ExtensibilityGlobals) = postSolution
		SolutionGuid = {F16DBC79-64ED-4328-9C6E-809A8E79A026}
	EndGlobalSection
EndGlobal
